
Microsoft Visual Studio Solution File, Format Version 11.00
# Visual Studio 2010
Project("{FAE04EC0-301F-11D3-BF4B-00C04F79EFBC}") = "C5SMSSystem", "C5SMSSystem\C5SMSSystem.csproj", "{5349130A-BCF9-4EA8-B5A2-5395C96A2A79}"
EndProject
Project("{54435603-DBB4-11D2-8724-00A0C9A8B90C}") = "C5SMSSystemSetup", "C5SMSSystemSetup\C5SMSSystemSetup.vdproj", "{618A6FD5-E483-4A09-A954-A99AE9904981}"
EndProject
Global
	GlobalSection(SolutionConfigurationPlatforms) = preSolution
		Debug|x86 = Debug|x86
		Release|x86 = Release|x86
	EndGlobalSection
	GlobalSection(ProjectConfigurationPlatforms) = postSolution
		{5349130A-BCF9-4EA8-B5A2-5395C96A2A79}.Debug|x86.ActiveCfg = Debug|x86
		{5349130A-BCF9-4EA8-B5A2-5395C96A2A79}.Debug|x86.Build.0 = Debug|x86
		{5349130A-BCF9-4EA8-B5A2-5395C96A2A79}.Release|x86.ActiveCfg = Release|x86
		{5349130A-BCF9-4EA8-B5A2-5395C96A2A79}.Release|x86.Build.0 = Release|x86
		{618A6FD5-E483-4A09-A954-A99AE9904981}.Debug|x86.ActiveCfg = Debug
		{618A6FD5-E483-4A09-A954-A99AE9904981}.Release|x86.ActiveCfg = Release
	EndGlobalSection
	GlobalSection(SolutionProperties) = preSolution
		HideSolutionNode = FALSE
	EndGlobalSection
EndGlobal
